
Microsoft Visual Studio Solution File, Format Version 12.00
# Visual Studio Version 16
VisualStudioVersion = 16.0.30517.126
MinimumVisualStudioVersion = 10.0.40219.1
Project("{FAE04EC0-301F-11D3-BF4B-00C04F79EFBC}") = "TCGShop", "TCGShop.csproj", "{36A1B734-88AD-49A1-9373-7C8B7D86E833}"
EndProject
Global
	GlobalSection(SolutionConfigurationPlatforms) = preSolution
		Debug|Any CPU = Debug|Any CPU
		Release|Any CPU = Release|Any CPU
	EndGlobalSection
	GlobalSection(ProjectConfigurationPlatforms) = postSolution
		{36A1B734-88AD-49A1-9373-7C8B7D86E833}.Debug|Any CPU.ActiveCfg = Debug|Any CPU
		{36A1B734-88AD-49A1-9373-7C8B7D86E833}.Debug|Any CPU.Build.0 = Debug|Any CPU
		{36A1B734-88AD-49A1-9373-7C8B7D86E833}.Release|Any CPU.ActiveCfg = Release|Any CPU
		{36A1B734-88AD-49A1-9373-7C8B7D86E833}.Release|Any CPU.Build.0 = Release|Any CPU
	EndGlobalSection
	GlobalSection(SolutionProperties) = preSolution
		HideSolutionNode = FALSE
	EndGlobalSection
	GlobalSection(ExtensibilityGlobals) = postSolution
		SolutionGuid = {A0702AB4-C58D-4904-90CE-578C67333AD9}
	EndGlobalSection
EndGlobal
